// !$*UTF8*$!
{
	archiveVersion = 1;
	classes = {
	};
	objectVersion = 51;
	objects = {

/* Begin PBXBuildFile section */
		2D4FA7570E9E314E94F43371 /* Pods_TodoApp.framework in Frameworks */ = {isa = PBXBuildFile; fileRef = 858D9E7B0E053C9BBE19A503 /* Pods_TodoApp.framework */; };
		2DAB7A013E28FBAA5A2C456D /* Pods_TodoApp_TodoAppUITests.framework in Frameworks */ = {isa = PBXBuildFile; fileRef = DEA51DFECC278A61A787669C /* Pods_TodoApp_TodoAppUITests.framework */; };
		8356D3D9F8DC047F42F3D8A7 /* Pods_TodoAppTests.framework in Frameworks */ = {isa = PBXBuildFile; fileRef = E4906B8DFB974D36A1DFE2F4 /* Pods_TodoAppTests.framework */; };
		BE653562241A65030049598C /* AppCoordinator.swift in Sources */ = {isa = PBXBuildFile; fileRef = BE653561241A65030049598C /* AppCoordinator.swift */; };
		BE653566241A6CD20049598C /* HomeView.swift in Sources */ = {isa = PBXBuildFile; fileRef = BE653565241A6CD20049598C /* HomeView.swift */; };
		BE653568241A6E1F0049598C /* HomeViewController.swift in Sources */ = {isa = PBXBuildFile; fileRef = BE653567241A6E1F0049598C /* HomeViewController.swift */; };
		BECDF170241AA2B300D825E7 /* TodoApp.xcdatamodeld in Sources */ = {isa = PBXBuildFile; fileRef = BECDF16E241AA2B300D825E7 /* TodoApp.xcdatamodeld */; };
		BECDF172241AA79900D825E7 /* DataManager.swift in Sources */ = {isa = PBXBuildFile; fileRef = BECDF171241AA79900D825E7 /* DataManager.swift */; };
		BECDF832241A740200FB63F7 /* Todo.framework in Frameworks */ = {isa = PBXBuildFile; fileRef = BECDF831241A740200FB63F7 /* Todo.framework */; };
		BECDF833241A740200FB63F7 /* Todo.framework in Embed Frameworks */ = {isa = PBXBuildFile; fileRef = BECDF831241A740200FB63F7 /* Todo.framework */; settings = {ATTRIBUTES = (CodeSignOnCopy, RemoveHeadersOnCopy, ); }; };
		BECDF839241A90A000FB63F7 /* TodoRepositoryImpl.swift in Sources */ = {isa = PBXBuildFile; fileRef = BECDF838241A90A000FB63F7 /* TodoRepositoryImpl.swift */; };
		BED4C83C241A5CA200083412 /* AppDelegate.swift in Sources */ = {isa = PBXBuildFile; fileRef = BED4C83B241A5CA200083412 /* AppDelegate.swift */; };
		BED4C83E241A5CA200083412 /* SceneDelegate.swift in Sources */ = {isa = PBXBuildFile; fileRef = BED4C83D241A5CA200083412 /* SceneDelegate.swift */; };
		BED4C845241A5CA500083412 /* Assets.xcassets in Resources */ = {isa = PBXBuildFile; fileRef = BED4C844241A5CA500083412 /* Assets.xcassets */; };
		BED4C848241A5CA500083412 /* LaunchScreen.storyboard in Resources */ = {isa = PBXBuildFile; fileRef = BED4C846241A5CA500083412 /* LaunchScreen.storyboard */; };
		BED4C853241A5CA500083412 /* TodoAppTests.swift in Sources */ = {isa = PBXBuildFile; fileRef = BED4C852241A5CA500083412 /* TodoAppTests.swift */; };
		BED4C85E241A5CA500083412 /* TodoAppUITests.swift in Sources */ = {isa = PBXBuildFile; fileRef = BED4C85D241A5CA500083412 /* TodoAppUITests.swift */; };
/* End PBXBuildFile section */

/* Begin PBXContainerItemProxy section */
		BED4C84F241A5CA500083412 /* PBXContainerItemProxy */ = {
			isa = PBXContainerItemProxy;
			containerPortal = BED4C830241A5CA200083412 /* Project object */;
			proxyType = 1;
			remoteGlobalIDString = BED4C837241A5CA200083412;
			remoteInfo = TodoApp;
		};
		BED4C85A241A5CA500083412 /* PBXContainerItemProxy */ = {
			isa = PBXContainerItemProxy;
			containerPortal = BED4C830241A5CA200083412 /* Project object */;
			proxyType = 1;
			remoteGlobalIDString = BED4C837241A5CA200083412;
			remoteInfo = TodoApp;
		};
/* End PBXContainerItemProxy section */

/* Begin PBXCopyFilesBuildPhase section */
		BECDF834241A740200FB63F7 /* Embed Frameworks */ = {
			isa = PBXCopyFilesBuildPhase;
			buildActionMask = 2147483647;
			dstPath = "";
			dstSubfolderSpec = 10;
			files = (
				BECDF833241A740200FB63F7 /* Todo.framework in Embed Frameworks */,
			);
			name = "Embed Frameworks";
			runOnlyForDeploymentPostprocessing = 0;
		};
/* End PBXCopyFilesBuildPhase section */

/* Begin PBXFileReference section */
		0C03DA8A4064602949D96A2E /* Pods-TodoApp-TodoAppUITests.debug.xcconfig */ = {isa = PBXFileReference; includeInIndex = 1; lastKnownFileType = text.xcconfig; name = "Pods-TodoApp-TodoAppUITests.debug.xcconfig"; path = "Target Support Files/Pods-TodoApp-TodoAppUITests/Pods-TodoApp-TodoAppUITests.debug.xcconfig"; sourceTree = "<group>"; };
		577D53E0F7D8395F3A5AD561 /* Pods-TodoApp.debug.xcconfig */ = {isa = PBXFileReference; includeInIndex = 1; lastKnownFileType = text.xcconfig; name = "Pods-TodoApp.debug.xcconfig"; path = "Target Support Files/Pods-TodoApp/Pods-TodoApp.debug.xcconfig"; sourceTree = "<group>"; };
		8370AD055CADA86A776D74F8 /* Pods-TodoApp.release.xcconfig */ = {isa = PBXFileReference; includeInIndex = 1; lastKnownFileType = text.xcconfig; name = "Pods-TodoApp.release.xcconfig"; path = "Target Support Files/Pods-TodoApp/Pods-TodoApp.release.xcconfig"; sourceTree = "<group>"; };
		858D9E7B0E053C9BBE19A503 /* Pods_TodoApp.framework */ = {isa = PBXFileReference; explicitFileType = wrapper.framework; includeInIndex = 0; path = Pods_TodoApp.framework; sourceTree = BUILT_PRODUCTS_DIR; };
		9B9D6C16D0C3FB22BB881FDE /* Pods-TodoAppTests.debug.xcconfig */ = {isa = PBXFileReference; includeInIndex = 1; lastKnownFileType = text.xcconfig; name = "Pods-TodoAppTests.debug.xcconfig"; path = "Target Support Files/Pods-TodoAppTests/Pods-TodoAppTests.debug.xcconfig"; sourceTree = "<group>"; };
		BE653554241A5E910049598C /* TodoApp */ = {isa = PBXFileReference; lastKnownFileType = "compiled.mach-o.dylib"; name = TodoApp; path = ../shared/build/bin/ios/debugFramework/TodoApp.framework/TodoApp; sourceTree = "<group>"; };
		BE653561241A65030049598C /* AppCoordinator.swift */ = {isa = PBXFileReference; lastKnownFileType = sourcecode.swift; path = AppCoordinator.swift; sourceTree = "<group>"; };
		BE653565241A6CD20049598C /* HomeView.swift */ = {isa = PBXFileReference; lastKnownFileType = sourcecode.swift; path = HomeView.swift; sourceTree = "<group>"; };
		BE653567241A6E1F0049598C /* HomeViewController.swift */ = {isa = PBXFileReference; lastKnownFileType = sourcecode.swift; path = HomeViewController.swift; sourceTree = "<group>"; };
		BECDF16F241AA2B300D825E7 /* TodoApp.xcdatamodel */ = {isa = PBXFileReference; lastKnownFileType = wrapper.xcdatamodel; path = TodoApp.xcdatamodel; sourceTree = "<group>"; };
		BECDF171241AA79900D825E7 /* DataManager.swift */ = {isa = PBXFileReference; lastKnownFileType = sourcecode.swift; path = DataManager.swift; sourceTree = "<group>"; };
		BECDF831241A740200FB63F7 /* Todo.framework */ = {isa = PBXFileReference; lastKnownFileType = wrapper.framework; name = Todo.framework; path = "../shared/build/xcode-frameworks/Todo.framework"; sourceTree = "<group>"; };
		BECDF838241A90A000FB63F7 /* TodoRepositoryImpl.swift */ = {isa = PBXFileReference; lastKnownFileType = sourcecode.swift; path = TodoRepositoryImpl.swift; sourceTree = "<group>"; };
		BED4C838241A5CA200083412 /* TodoApp.app */ = {isa = PBXFileReference; explicitFileType = wrapper.application; includeInIndex = 0; path = TodoApp.app; sourceTree = BUILT_PRODUCTS_DIR; };
		BED4C83B241A5CA200083412 /* AppDelegate.swift */ = {isa = PBXFileReference; lastKnownFileType = sourcecode.swift; path = AppDelegate.swift; sourceTree = "<group>"; };
		BED4C83D241A5CA200083412 /* SceneDelegate.swift */ = {isa = PBXFileReference; lastKnownFileType = sourcecode.swift; path = SceneDelegate.swift; sourceTree = "<group>"; };
		BED4C844241A5CA500083412 /* Assets.xcassets */ = {isa = PBXFileReference; lastKnownFileType = folder.assetcatalog; path = Assets.xcassets; sourceTree = "<group>"; };
		BED4C847241A5CA500083412 /* Base */ = {isa = PBXFileReference; lastKnownFileType = file.storyboard; name = Base; path = Base.lproj/LaunchScreen.storyboard; sourceTree = "<group>"; };
		BED4C849241A5CA500083412 /* Info.plist */ = {isa = PBXFileReference; lastKnownFileType = text.plist.xml; path = Info.plist; sourceTree = "<group>"; };
		BED4C84E241A5CA500083412 /* TodoAppTests.xctest */ = {isa = PBXFileReference; explicitFileType = wrapper.cfbundle; includeInIndex = 0; path = TodoAppTests.xctest; sourceTree = BUILT_PRODUCTS_DIR; };
		BED4C852241A5CA500083412 /* TodoAppTests.swift */ = {isa = PBXFileReference; lastKnownFileType = sourcecode.swift; path = TodoAppTests.swift; sourceTree = "<group>"; };
		BED4C854241A5CA500083412 /* Info.plist */ = {isa = PBXFileReference; lastKnownFileType = text.plist.xml; path = Info.plist; sourceTree = "<group>"; };
		BED4C859241A5CA500083412 /* TodoAppUITests.xctest */ = {isa = PBXFileReference; explicitFileType = wrapper.cfbundle; includeInIndex = 0; path = TodoAppUITests.xctest; sourceTree = BUILT_PRODUCTS_DIR; };
		BED4C85D241A5CA500083412 /* TodoAppUITests.swift */ = {isa = PBXFileReference; lastKnownFileType = sourcecode.swift; path = TodoAppUITests.swift; sourceTree = "<group>"; };
		BED4C85F241A5CA500083412 /* Info.plist */ = {isa = PBXFileReference; lastKnownFileType = text.plist.xml; path = Info.plist; sourceTree = "<group>"; };
		C6CD3080884485DFD8CEC5C0 /* Pods-TodoAppTests.release.xcconfig */ = {isa = PBXFileReference; includeInIndex = 1; lastKnownFileType = text.xcconfig; name = "Pods-TodoAppTests.release.xcconfig"; path = "Target Support Files/Pods-TodoAppTests/Pods-TodoAppTests.release.xcconfig"; sourceTree = "<group>"; };
		D9F26828D988F96FFE28E9E3 /* Pods-TodoApp-TodoAppUITests.release.xcconfig */ = {isa = PBXFileReference; includeInIndex = 1; lastKnownFileType = text.xcconfig; name = "Pods-TodoApp-TodoAppUITests.release.xcconfig"; path = "Target Support Files/Pods-TodoApp-TodoAppUITests/Pods-TodoApp-TodoAppUITests.release.xcconfig"; sourceTree = "<group>"; };
		DEA51DFECC278A61A787669C /* Pods_TodoApp_TodoAppUITests.framework */ = {isa = PBXFileReference; explicitFileType = wrapper.framework; includeInIndex = 0; path = Pods_TodoApp_TodoAppUITests.framework; sourceTree = BUILT_PRODUCTS_DIR; };
		E4906B8DFB974D36A1DFE2F4 /* Pods_TodoAppTests.framework */ = {isa = PBXFileReference; explicitFileType = wrapper.framework; includeInIndex = 0; path = Pods_TodoAppTests.framework; sourceTree = BUILT_PRODUCTS_DIR; };
/* End PBXFileReference section */

/* Begin PBXFrameworksBuildPhase section */
		BED4C835241A5CA200083412 /* Frameworks */ = {
			isa = PBXFrameworksBuildPhase;
			buildActionMask = 2147483647;
			files = (
				BECDF832241A740200FB63F7 /* Todo.framework in Frameworks */,
				2D4FA7570E9E314E94F43371 /* Pods_TodoApp.framework in Frameworks */,
			);
			runOnlyForDeploymentPostprocessing = 0;
		};
		BED4C84B241A5CA500083412 /* Frameworks */ = {
			isa = PBXFrameworksBuildPhase;
			buildActionMask = 2147483647;
			files = (
				8356D3D9F8DC047F42F3D8A7 /* Pods_TodoAppTests.framework in Frameworks */,
			);
			runOnlyForDeploymentPostprocessing = 0;
		};
		BED4C856241A5CA500083412 /* Frameworks */ = {
			isa = PBXFrameworksBuildPhase;
			buildActionMask = 2147483647;
			files = (
				2DAB7A013E28FBAA5A2C456D /* Pods_TodoApp_TodoAppUITests.framework in Frameworks */,
			);
			runOnlyForDeploymentPostprocessing = 0;
		};
/* End PBXFrameworksBuildPhase section */

/* Begin PBXGroup section */
		320B6ED1340FFC1BD631757C /* Pods */ = {
			isa = PBXGroup;
			children = (
				577D53E0F7D8395F3A5AD561 /* Pods-TodoApp.debug.xcconfig */,
				8370AD055CADA86A776D74F8 /* Pods-TodoApp.release.xcconfig */,
				0C03DA8A4064602949D96A2E /* Pods-TodoApp-TodoAppUITests.debug.xcconfig */,
				D9F26828D988F96FFE28E9E3 /* Pods-TodoApp-TodoAppUITests.release.xcconfig */,
				9B9D6C16D0C3FB22BB881FDE /* Pods-TodoAppTests.debug.xcconfig */,
				C6CD3080884485DFD8CEC5C0 /* Pods-TodoAppTests.release.xcconfig */,
			);
			path = Pods;
			sourceTree = "<group>";
		};
		BE653553241A5E910049598C /* Frameworks */ = {
			isa = PBXGroup;
			children = (
				BECDF831241A740200FB63F7 /* Todo.framework */,
				BE653554241A5E910049598C /* TodoApp */,
				858D9E7B0E053C9BBE19A503 /* Pods_TodoApp.framework */,
				DEA51DFECC278A61A787669C /* Pods_TodoApp_TodoAppUITests.framework */,
				E4906B8DFB974D36A1DFE2F4 /* Pods_TodoAppTests.framework */,
			);
			name = Frameworks;
			sourceTree = "<group>";
		};
		BE653564241A659E0049598C /* Screens */ = {
			isa = PBXGroup;
			children = (
				BE653565241A6CD20049598C /* HomeView.swift */,
				BE653567241A6E1F0049598C /* HomeViewController.swift */,
			);
			path = Screens;
			sourceTree = "<group>";
		};
		BECDF837241A908100FB63F7 /* Infrastructure */ = {
			isa = PBXGroup;
			children = (
				BECDF838241A90A000FB63F7 /* TodoRepositoryImpl.swift */,
				BECDF171241AA79900D825E7 /* DataManager.swift */,
			);
			path = Infrastructure;
			sourceTree = "<group>";
		};
		BED4C82F241A5CA200083412 = {
			isa = PBXGroup;
			children = (
				BED4C83A241A5CA200083412 /* TodoApp */,
				BED4C851241A5CA500083412 /* TodoAppTests */,
				BED4C85C241A5CA500083412 /* TodoAppUITests */,
				BED4C839241A5CA200083412 /* Products */,
				BE653553241A5E910049598C /* Frameworks */,
				320B6ED1340FFC1BD631757C /* Pods */,
			);
			sourceTree = "<group>";
		};
		BED4C839241A5CA200083412 /* Products */ = {
			isa = PBXGroup;
			children = (
				BED4C838241A5CA200083412 /* TodoApp.app */,
				BED4C84E241A5CA500083412 /* TodoAppTests.xctest */,
				BED4C859241A5CA500083412 /* TodoAppUITests.xctest */,
			);
			name = Products;
			sourceTree = "<group>";
		};
		BED4C83A241A5CA200083412 /* TodoApp */ = {
			isa = PBXGroup;
			children = (
				BECDF837241A908100FB63F7 /* Infrastructure */,
				BE653564241A659E0049598C /* Screens */,
				BED4C83B241A5CA200083412 /* AppDelegate.swift */,
				BED4C83D241A5CA200083412 /* SceneDelegate.swift */,
				BED4C844241A5CA500083412 /* Assets.xcassets */,
				BED4C846241A5CA500083412 /* LaunchScreen.storyboard */,
				BED4C849241A5CA500083412 /* Info.plist */,
				BE653561241A65030049598C /* AppCoordinator.swift */,
				BECDF16E241AA2B300D825E7 /* TodoApp.xcdatamodeld */,
			);
			path = TodoApp;
			sourceTree = "<group>";
		};
		BED4C851241A5CA500083412 /* TodoAppTests */ = {
			isa = PBXGroup;
			children = (
				BED4C852241A5CA500083412 /* TodoAppTests.swift */,
				BED4C854241A5CA500083412 /* Info.plist */,
			);
			path = TodoAppTests;
			sourceTree = "<group>";
		};
		BED4C85C241A5CA500083412 /* TodoAppUITests */ = {
			isa = PBXGroup;
			children = (
				BED4C85D241A5CA500083412 /* TodoAppUITests.swift */,
				BED4C85F241A5CA500083412 /* Info.plist */,
			);
			path = TodoAppUITests;
			sourceTree = "<group>";
		};
/* End PBXGroup section */

/* Begin PBXNativeTarget section */
		BED4C837241A5CA200083412 /* TodoApp */ = {
			isa = PBXNativeTarget;
			buildConfigurationList = BED4C862241A5CA500083412 /* Build configuration list for PBXNativeTarget "TodoApp" */;
			buildPhases = (
				83084E737E2E83BB89A541DA /* [CP] Check Pods Manifest.lock */,
				BED4C834241A5CA200083412 /* Sources */,
				BED4C835241A5CA200083412 /* Frameworks */,
				BED4C836241A5CA200083412 /* Resources */,
				BE653552241A5E5A0049598C /* ShellScript */,
				408C6155E7F16F45538D9141 /* [CP] Embed Pods Frameworks */,
				BECDF834241A740200FB63F7 /* Embed Frameworks */,
			);
			buildRules = (
			);
			dependencies = (
			);
			name = TodoApp;
			productName = TodoApp;
			productReference = BED4C838241A5CA200083412 /* TodoApp.app */;
			productType = "com.apple.product-type.application";
		};
		BED4C84D241A5CA500083412 /* TodoAppTests */ = {
			isa = PBXNativeTarget;
			buildConfigurationList = BED4C865241A5CA500083412 /* Build configuration list for PBXNativeTarget "TodoAppTests" */;
			buildPhases = (
				DCA129413438574896CC6067 /* [CP] Check Pods Manifest.lock */,
				BED4C84A241A5CA500083412 /* Sources */,
				BED4C84B241A5CA500083412 /* Frameworks */,
				BED4C84C241A5CA500083412 /* Resources */,
			);
			buildRules = (
			);
			dependencies = (
				BED4C850241A5CA500083412 /* PBXTargetDependency */,
			);
			name = TodoAppTests;
			productName = TodoAppTests;
			productReference = BED4C84E241A5CA500083412 /* TodoAppTests.xctest */;
			productType = "com.apple.product-type.bundle.unit-test";
		};
		BED4C858241A5CA500083412 /* TodoAppUITests */ = {
			isa = PBXNativeTarget;
			buildConfigurationList = BED4C868241A5CA500083412 /* Build configuration list for PBXNativeTarget "TodoAppUITests" */;
			buildPhases = (
				8D5CC16A365A0322634D6E23 /* [CP] Check Pods Manifest.lock */,
				BED4C855241A5CA500083412 /* Sources */,
				BED4C856241A5CA500083412 /* Frameworks */,
				BED4C857241A5CA500083412 /* Resources */,
				AAA3F46865935D68AFC34EBA /* [CP] Embed Pods Frameworks */,
			);
			buildRules = (
			);
			dependencies = (
				BED4C85B241A5CA500083412 /* PBXTargetDependency */,
			);
			name = TodoAppUITests;
			productName = TodoAppUITests;
			productReference = BED4C859241A5CA500083412 /* TodoAppUITests.xctest */;
			productType = "com.apple.product-type.bundle.ui-testing";
		};
/* End PBXNativeTarget section */

/* Begin PBXProject section */
		BED4C830241A5CA200083412 /* Project object */ = {
			isa = PBXProject;
			attributes = {
				LastSwiftUpdateCheck = 1130;
				LastUpgradeCheck = 1130;
				ORGANIZATIONNAME = "Wellington Pereira";
				TargetAttributes = {
					BED4C837241A5CA200083412 = {
						CreatedOnToolsVersion = 11.3.1;
					};
					BED4C84D241A5CA500083412 = {
						CreatedOnToolsVersion = 11.3.1;
						TestTargetID = BED4C837241A5CA200083412;
					};
					BED4C858241A5CA500083412 = {
						CreatedOnToolsVersion = 11.3.1;
						TestTargetID = BED4C837241A5CA200083412;
					};
				};
			};
			buildConfigurationList = BED4C833241A5CA200083412 /* Build configuration list for PBXProject "TodoApp" */;
			compatibilityVersion = "Xcode 9.3";
			developmentRegion = en;
			hasScannedForEncodings = 0;
			knownRegions = (
				en,
				Base,
			);
			mainGroup = BED4C82F241A5CA200083412;
			productRefGroup = BED4C839241A5CA200083412 /* Products */;
			projectDirPath = "";
			projectRoot = "";
			targets = (
				BED4C837241A5CA200083412 /* TodoApp */,
				BED4C84D241A5CA500083412 /* TodoAppTests */,
				BED4C858241A5CA500083412 /* TodoAppUITests */,
			);
		};
/* End PBXProject section */

/* Begin PBXResourcesBuildPhase section */
		BED4C836241A5CA200083412 /* Resources */ = {
			isa = PBXResourcesBuildPhase;
			buildActionMask = 2147483647;
			files = (
				BED4C848241A5CA500083412 /* LaunchScreen.storyboard in Resources */,
				BED4C845241A5CA500083412 /* Assets.xcassets in Resources */,
			);
			runOnlyForDeploymentPostprocessing = 0;
		};
		BED4C84C241A5CA500083412 /* Resources */ = {
			isa = PBXResourcesBuildPhase;
			buildActionMask = 2147483647;
			files = (
			);
			runOnlyForDeploymentPostprocessing = 0;
		};
		BED4C857241A5CA500083412 /* Resources */ = {
			isa = PBXResourcesBuildPhase;
			buildActionMask = 2147483647;
			files = (
			);
			runOnlyForDeploymentPostprocessing = 0;
		};
/* End PBXResourcesBuildPhase section */

/* Begin PBXShellScriptBuildPhase section */
		408C6155E7F16F45538D9141 /* [CP] Embed Pods Frameworks */ = {
			isa = PBXShellScriptBuildPhase;
			buildActionMask = 2147483647;
			files = (
			);
			inputFileListPaths = (
				"${PODS_ROOT}/Target Support Files/Pods-TodoApp/Pods-TodoApp-frameworks-${CONFIGURATION}-input-files.xcfilelist",
			);
			name = "[CP] Embed Pods Frameworks";
			outputFileListPaths = (
				"${PODS_ROOT}/Target Support Files/Pods-TodoApp/Pods-TodoApp-frameworks-${CONFIGURATION}-output-files.xcfilelist",
			);
			runOnlyForDeploymentPostprocessing = 0;
			shellPath = /bin/sh;
			shellScript = "\"${PODS_ROOT}/Target Support Files/Pods-TodoApp/Pods-TodoApp-frameworks.sh\"\n";
			showEnvVarsInLog = 0;
		};
		83084E737E2E83BB89A541DA /* [CP] Check Pods Manifest.lock */ = {
			isa = PBXShellScriptBuildPhase;
			buildActionMask = 2147483647;
			files = (
			);
			inputFileListPaths = (
			);
			inputPaths = (
				"${PODS_PODFILE_DIR_PATH}/Podfile.lock",
				"${PODS_ROOT}/Manifest.lock",
			);
			name = "[CP] Check Pods Manifest.lock";
			outputFileListPaths = (
			);
			outputPaths = (
				"$(DERIVED_FILE_DIR)/Pods-TodoApp-checkManifestLockResult.txt",
			);
			runOnlyForDeploymentPostprocessing = 0;
			shellPath = /bin/sh;
			shellScript = "diff \"${PODS_PODFILE_DIR_PATH}/Podfile.lock\" \"${PODS_ROOT}/Manifest.lock\" > /dev/null\nif [ $? != 0 ] ; then\n    # print error to STDERR\n    echo \"error: The sandbox is not in sync with the Podfile.lock. Run 'pod install' or update your CocoaPods installation.\" >&2\n    exit 1\nfi\n# This output is used by Xcode 'outputs' to avoid re-running this script phase.\necho \"SUCCESS\" > \"${SCRIPT_OUTPUT_FILE_0}\"\n";
			showEnvVarsInLog = 0;
		};
		8D5CC16A365A0322634D6E23 /* [CP] Check Pods Manifest.lock */ = {
			isa = PBXShellScriptBuildPhase;
			buildActionMask = 2147483647;
			files = (
			);
			inputFileListPaths = (
			);
			inputPaths = (
				"${PODS_PODFILE_DIR_PATH}/Podfile.lock",
				"${PODS_ROOT}/Manifest.lock",
			);
			name = "[CP] Check Pods Manifest.lock";
			outputFileListPaths = (
			);
			outputPaths = (
				"$(DERIVED_FILE_DIR)/Pods-TodoApp-TodoAppUITests-checkManifestLockResult.txt",
			);
			runOnlyForDeploymentPostprocessing = 0;
			shellPath = /bin/sh;
			shellScript = "diff \"${PODS_PODFILE_DIR_PATH}/Podfile.lock\" \"${PODS_ROOT}/Manifest.lock\" > /dev/null\nif [ $? != 0 ] ; then\n    # print error to STDERR\n    echo \"error: The sandbox is not in sync with the Podfile.lock. Run 'pod install' or update your CocoaPods installation.\" >&2\n    exit 1\nfi\n# This output is used by Xcode 'outputs' to avoid re-running this script phase.\necho \"SUCCESS\" > \"${SCRIPT_OUTPUT_FILE_0}\"\n";
			showEnvVarsInLog = 0;
		};
		AAA3F46865935D68AFC34EBA /* [CP] Embed Pods Frameworks */ = {
			isa = PBXShellScriptBuildPhase;
			buildActionMask = 2147483647;
			files = (
			);
			inputFileListPaths = (
				"${PODS_ROOT}/Target Support Files/Pods-TodoApp-TodoAppUITests/Pods-TodoApp-TodoAppUITests-frameworks-${CONFIGURATION}-input-files.xcfilelist",
			);
			name = "[CP] Embed Pods Frameworks";
			outputFileListPaths = (
				"${PODS_ROOT}/Target Support Files/Pods-TodoApp-TodoAppUITests/Pods-TodoApp-TodoAppUITests-frameworks-${CONFIGURATION}-output-files.xcfilelist",
			);
			runOnlyForDeploymentPostprocessing = 0;
			shellPath = /bin/sh;
			shellScript = "\"${PODS_ROOT}/Target Support Files/Pods-TodoApp-TodoAppUITests/Pods-TodoApp-TodoAppUITests-frameworks.sh\"\n";
			showEnvVarsInLog = 0;
		};
		BE653552241A5E5A0049598C /* ShellScript */ = {
			isa = PBXShellScriptBuildPhase;
			buildActionMask = 2147483647;
			files = (
			);
			inputFileListPaths = (
			);
			inputPaths = (
			);
			outputFileListPaths = (
			);
			outputPaths = (
			);
			runOnlyForDeploymentPostprocessing = 0;
			shellPath = /bin/sh;
			shellScript = "cd \"$SRCROOT/../shared/build/xcode-frameworks\"\n./gradlew :shared:packForXCode -PXCODE_CONFIGURATION=${CONFIGURATION}\n";
		};
		DCA129413438574896CC6067 /* [CP] Check Pods Manifest.lock */ = {
			isa = PBXShellScriptBuildPhase;
			buildActionMask = 2147483647;
			files = (
			);
			inputFileListPaths = (
			);
			inputPaths = (
				"${PODS_PODFILE_DIR_PATH}/Podfile.lock",
				"${PODS_ROOT}/Manifest.lock",
			);
			name = "[CP] Check Pods Manifest.lock";
			outputFileListPaths = (
			);
			outputPaths = (
				"$(DERIVED_FILE_DIR)/Pods-TodoAppTests-checkManifestLockResult.txt",
			);
			runOnlyForDeploymentPostprocessing = 0;
			shellPath = /bin/sh;
			shellScript = "diff \"${PODS_PODFILE_DIR_PATH}/Podfile.lock\" \"${PODS_ROOT}/Manifest.lock\" > /dev/null\nif [ $? != 0 ] ; then\n    # print error to STDERR\n    echo \"error: The sandbox is not in sync with the Podfile.lock. Run 'pod install' or update your CocoaPods installation.\" >&2\n    exit 1\nfi\n# This output is used by Xcode 'outputs' to avoid re-running this script phase.\necho \"SUCCESS\" > \"${SCRIPT_OUTPUT_FILE_0}\"\n";
			showEnvVarsInLog = 0;
		};
/* End PBXShellScriptBuildPhase section */

/* Begin PBXSourcesBuildPhase section */
		BED4C834241A5CA200083412 /* Sources */ = {
			isa = PBXSourcesBuildPhase;
			buildActionMask = 2147483647;
			files = (
				BE653568241A6E1F0049598C /* HomeViewController.swift in Sources */,
				BECDF172241AA79900D825E7 /* DataManager.swift in Sources */,
				BE653562241A65030049598C /* AppCoordinator.swift in Sources */,
				BE653566241A6CD20049598C /* HomeView.swift in Sources */,
				BECDF839241A90A000FB63F7 /* TodoRepositoryImpl.swift in Sources */,
				BED4C83C241A5CA200083412 /* AppDelegate.swift in Sources */,
				BED4C83E241A5CA200083412 /* SceneDelegate.swift in Sources */,
				BECDF170241AA2B300D825E7 /* TodoApp.xcdatamodeld in Sources */,
			);
			runOnlyForDeploymentPostprocessing = 0;
		};
		BED4C84A241A5CA500083412 /* Sources */ = {
			isa = PBXSourcesBuildPhase;
			buildActionMask = 2147483647;
			files = (
				BED4C853241A5CA500083412 /* TodoAppTests.swift in Sources */,
			);
			runOnlyForDeploymentPostprocessing = 0;
		};
		BED4C855241A5CA500083412 /* Sources */ = {
			isa = PBXSourcesBuildPhase;
			buildActionMask = 2147483647;
			files = (
				BED4C85E241A5CA500083412 /* TodoAppUITests.swift in Sources */,
			);
			runOnlyForDeploymentPostprocessing = 0;
		};
/* End PBXSourcesBuildPhase section */

/* Begin PBXTargetDependency section */
		BED4C850241A5CA500083412 /* PBXTargetDependency */ = {
			isa = PBXTargetDependency;
			target = BED4C837241A5CA200083412 /* TodoApp */;
			targetProxy = BED4C84F241A5CA500083412 /* PBXContainerItemProxy */;
		};
		BED4C85B241A5CA500083412 /* PBXTargetDependency */ = {
			isa = PBXTargetDependency;
			target = BED4C837241A5CA200083412 /* TodoApp */;
			targetProxy = BED4C85A241A5CA500083412 /* PBXContainerItemProxy */;
		};
/* End PBXTargetDependency section */

/* Begin PBXVariantGroup section */
		BED4C846241A5CA500083412 /* LaunchScreen.storyboard */ = {
			isa = PBXVariantGroup;
			children = (
				BED4C847241A5CA500083412 /* Base */,
			);
			name = LaunchScreen.storyboard;
			sourceTree = "<group>";
		};
/* End PBXVariantGroup section */

/* Begin XCBuildConfiguration section */
		BED4C860241A5CA500083412 /* Debug */ = {
			isa = XCBuildConfiguration;
			buildSettings = {
				ALWAYS_SEARCH_USER_PATHS = NO;
				CLANG_ANALYZER_NONNULL = YES;
				CLANG_ANALYZER_NUMBER_OBJECT_CONVERSION = YES_AGGRESSIVE;
				CLANG_CXX_LANGUAGE_STANDARD = "gnu++14";
				CLANG_CXX_LIBRARY = "libc++";
				CLANG_ENABLE_MODULES = YES;
				CLANG_ENABLE_OBJC_ARC = YES;
				CLANG_ENABLE_OBJC_WEAK = YES;
				CLANG_WARN_BLOCK_CAPTURE_AUTORELEASING = YES;
				CLANG_WARN_BOOL_CONVERSION = YES;
				CLANG_WARN_COMMA = YES;
				CLANG_WARN_CONSTANT_CONVERSION = YES;
				CLANG_WARN_DEPRECATED_OBJC_IMPLEMENTATIONS = YES;
				CLANG_WARN_DIRECT_OBJC_ISA_USAGE = YES_ERROR;
				CLANG_WARN_DOCUMENTATION_COMMENTS = YES;
				CLANG_WARN_EMPTY_BODY = YES;
				CLANG_WARN_ENUM_CONVERSION = YES;
				CLANG_WARN_INFINITE_RECURSION = YES;
				CLANG_WARN_INT_CONVERSION = YES;
				CLANG_WARN_NON_LITERAL_NULL_CONVERSION = YES;
				CLANG_WARN_OBJC_IMPLICIT_RETAIN_SELF = YES;
				CLANG_WARN_OBJC_LITERAL_CONVERSION = YES;
				CLANG_WARN_OBJC_ROOT_CLASS = YES_ERROR;
				CLANG_WARN_RANGE_LOOP_ANALYSIS = YES;
				CLANG_WARN_STRICT_PROTOTYPES = YES;
				CLANG_WARN_SUSPICIOUS_MOVE = YES;
				CLANG_WARN_UNGUARDED_AVAILABILITY = YES_AGGRESSIVE;
				CLANG_WARN_UNREACHABLE_CODE = YES;
				CLANG_WARN__DUPLICATE_METHOD_MATCH = YES;
				COPY_PHASE_STRIP = NO;
				DEBUG_INFORMATION_FORMAT = dwarf;
				ENABLE_STRICT_OBJC_MSGSEND = YES;
				ENABLE_TESTABILITY = YES;
				GCC_C_LANGUAGE_STANDARD = gnu11;
				GCC_DYNAMIC_NO_PIC = NO;
				GCC_NO_COMMON_BLOCKS = YES;
				GCC_OPTIMIZATION_LEVEL = 0;
				GCC_PREPROCESSOR_DEFINITIONS = (
					"DEBUG=1",
					"$(inherited)",
				);
				GCC_WARN_64_TO_32_BIT_CONVERSION = YES;
				GCC_WARN_ABOUT_RETURN_TYPE = YES_ERROR;
				GCC_WARN_UNDECLARED_SELECTOR = YES;
				GCC_WARN_UNINITIALIZED_AUTOS = YES_AGGRESSIVE;
				GCC_WARN_UNUSED_FUNCTION = YES;
				GCC_WARN_UNUSED_VARIABLE = YES;
				IPHONEOS_DEPLOYMENT_TARGET = 13.0;
				MTL_ENABLE_DEBUG_INFO = INCLUDE_SOURCE;
				MTL_FAST_MATH = YES;
				ONLY_ACTIVE_ARCH = YES;
				SDKROOT = iphoneos;
				SWIFT_ACTIVE_COMPILATION_CONDITIONS = DEBUG;
				SWIFT_OPTIMIZATION_LEVEL = "-Onone";
			};
			name = Debug;
		};
		BED4C861241A5CA500083412 /* Release */ = {
			isa = XCBuildConfiguration;
			buildSettings = {
				ALWAYS_SEARCH_USER_PATHS = NO;
				CLANG_ANALYZER_NONNULL = YES;
				CLANG_ANALYZER_NUMBER_OBJECT_CONVERSION = YES_AGGRESSIVE;
				CLANG_CXX_LANGUAGE_STANDARD = "gnu++14";
				CLANG_CXX_LIBRARY = "libc++";
				CLANG_ENABLE_MODULES = YES;
				CLANG_ENABLE_OBJC_ARC = YES;
				CLANG_ENABLE_OBJC_WEAK = YES;
				CLANG_WARN_BLOCK_CAPTURE_AUTORELEASING = YES;
				CLANG_WARN_BOOL_CONVERSION = YES;
				CLANG_WARN_COMMA = YES;
				CLANG_WARN_CONSTANT_CONVERSION = YES;
				CLANG_WARN_DEPRECATED_OBJC_IMPLEMENTATIONS = YES;
				CLANG_WARN_DIRECT_OBJC_ISA_USAGE = YES_ERROR;
				CLANG_WARN_DOCUMENTATION_COMMENTS = YES;
				CLANG_WARN_EMPTY_BODY = YES;
				CLANG_WARN_ENUM_CONVERSION = YES;
				CLANG_WARN_INFINITE_RECURSION = YES;
				CLANG_WARN_INT_CONVERSION = YES;
				CLANG_WARN_NON_LITERAL_NULL_CONVERSION = YES;
				CLANG_WARN_OBJC_IMPLICIT_RETAIN_SELF = YES;
				CLANG_WARN_OBJC_LITERAL_CONVERSION = YES;
				CLANG_WARN_OBJC_ROOT_CLASS = YES_ERROR;
				CLANG_WARN_RANGE_LOOP_ANALYSIS = YES;
				CLANG_WARN_STRICT_PROTOTYPES = YES;
				CLANG_WARN_SUSPICIOUS_MOVE = YES;
				CLANG_WARN_UNGUARDED_AVAILABILITY = YES_AGGRESSIVE;
				CLANG_WARN_UNREACHABLE_CODE = YES;
				CLANG_WARN__DUPLICATE_METHOD_MATCH = YES;
				COPY_PHASE_STRIP = NO;
				DEBUG_INFORMATION_FORMAT = "dwarf-with-dsym";
				ENABLE_NS_ASSERTIONS = NO;
				ENABLE_STRICT_OBJC_MSGSEND = YES;
				GCC_C_LANGUAGE_STANDARD = gnu11;
				GCC_NO_COMMON_BLOCKS = YES;
				GCC_WARN_64_TO_32_BIT_CONVERSION = YES;
				GCC_WARN_ABOUT_RETURN_TYPE = YES_ERROR;
				GCC_WARN_UNDECLARED_SELECTOR = YES;
				GCC_WARN_UNINITIALIZED_AUTOS = YES_AGGRESSIVE;
				GCC_WARN_UNUSED_FUNCTION = YES;
				GCC_WARN_UNUSED_VARIABLE = YES;
				IPHONEOS_DEPLOYMENT_TARGET = 13.0;
				MTL_ENABLE_DEBUG_INFO = NO;
				MTL_FAST_MATH = YES;
				SDKROOT = iphoneos;
				SWIFT_COMPILATION_MODE = wholemodule;
				SWIFT_OPTIMIZATION_LEVEL = "-O";
				VALIDATE_PRODUCT = YES;
			};
			name = Release;
		};
		BED4C863241A5CA500083412 /* Debug */ = {
			isa = XCBuildConfiguration;
			baseConfigurationReference = 577D53E0F7D8395F3A5AD561 /* Pods-TodoApp.debug.xcconfig */;
			buildSettings = {
				ASSETCATALOG_COMPILER_APPICON_NAME = AppIcon;
				CODE_SIGN_STYLE = Automatic;
				FRAMEWORK_SEARCH_PATHS = (
					"$(inherited)",
					"$(SRCROOT)/../shared/build/xcode-frameworks",
				);
				INFOPLIST_FILE = TodoApp/Info.plist;
				LD_RUNPATH_SEARCH_PATHS = (
					"$(inherited)",
					"@executable_path/Frameworks",
				);
				PRODUCT_BUNDLE_IDENTIFIER = io.github.wellingtoncosta.TodoApp;
				PRODUCT_NAME = "$(TARGET_NAME)";
				SWIFT_VERSION = 5.0;
				TARGETED_DEVICE_FAMILY = "1,2";
			};
			name = Debug;
		};
		BED4C864241A5CA500083412 /* Release */ = {
			isa = XCBuildConfiguration;
			baseConfigurationReference = 8370AD055CADA86A776D74F8 /* Pods-TodoApp.release.xcconfig */;
			buildSettings = {
				ASSETCATALOG_COMPILER_APPICON_NAME = AppIcon;
				CODE_SIGN_STYLE = Automatic;
				FRAMEWORK_SEARCH_PATHS = (
					"$(inherited)",
					"$(SRCROOT)/../shared/build/xcode-frameworks",
				);
				INFOPLIST_FILE = TodoApp/Info.plist;
				LD_RUNPATH_SEARCH_PATHS = (
					"$(inherited)",
					"@executable_path/Frameworks",
				);
				PRODUCT_BUNDLE_IDENTIFIER = io.github.wellingtoncosta.TodoApp;
				PRODUCT_NAME = "$(TARGET_NAME)";
				SWIFT_VERSION = 5.0;
				TARGETED_DEVICE_FAMILY = "1,2";
			};
			name = Release;
		};
		BED4C866241A5CA500083412 /* Debug */ = {
			isa = XCBuildConfiguration;
			baseConfigurationReference = 9B9D6C16D0C3FB22BB881FDE /* Pods-TodoAppTests.debug.xcconfig */;
			buildSettings = {
				ALWAYS_EMBED_SWIFT_STANDARD_LIBRARIES = YES;
				BUNDLE_LOADER = "$(TEST_HOST)";
				CODE_SIGN_STYLE = Automatic;
				INFOPLIST_FILE = TodoAppTests/Info.plist;
				IPHONEOS_DEPLOYMENT_TARGET = 13.2;
				LD_RUNPATH_SEARCH_PATHS = (
					"$(inherited)",
					"@executable_path/Frameworks",
					"@loader_path/Frameworks",
				);
				PRODUCT_BUNDLE_IDENTIFIER = io.github.wellingtoncosta.TodoAppTests;
				PRODUCT_NAME = "$(TARGET_NAME)";
				SWIFT_VERSION = 5.0;
				TARGETED_DEVICE_FAMILY = "1,2";
				TEST_HOST = "$(BUILT_PRODUCTS_DIR)/TodoApp.app/TodoApp";
			};
			name = Debug;
		};
		BED4C867241A5CA500083412 /* Release */ = {
			isa = XCBuildConfiguration;
			baseConfigurationReference = C6CD3080884485DFD8CEC5C0 /* Pods-TodoAppTests.release.xcconfig */;
			buildSettings = {
				ALWAYS_EMBED_SWIFT_STANDARD_LIBRARIES = YES;
				BUNDLE_LOADER = "$(TEST_HOST)";
				CODE_SIGN_STYLE = Automatic;
				INFOPLIST_FILE = TodoAppTests/Info.plist;
				IPHONEOS_DEPLOYMENT_TARGET = 13.2;
				LD_RUNPATH_SEARCH_PATHS = (
					"$(inherited)",
					"@executable_path/Frameworks",
					"@loader_path/Frameworks",
				);
				PRODUCT_BUNDLE_IDENTIFIER = io.github.wellingtoncosta.TodoAppTests;
				PRODUCT_NAME = "$(TARGET_NAME)";
				SWIFT_VERSION = 5.0;
				TARGETED_DEVICE_FAMILY = "1,2";
				TEST_HOST = "$(BUILT_PRODUCTS_DIR)/TodoApp.app/TodoApp";
			};
			name = Release;
		};
		BED4C869241A5CA500083412 /* Debug */ = {
			isa = XCBuildConfiguration;
			baseConfigurationReference = 0C03DA8A4064602949D96A2E /* Pods-TodoApp-TodoAppUITests.debug.xcconfig */;
			buildSettings = {
				ALWAYS_EMBED_SWIFT_STANDARD_LIBRARIES = YES;
				CODE_SIGN_STYLE = Automatic;
				INFOPLIST_FILE = TodoAppUITests/Info.plist;
				LD_RUNPATH_SEARCH_PATHS = (
					"$(inherited)",
					"@executable_path/Frameworks",
					"@loader_path/Frameworks",
				);
				PRODUCT_BUNDLE_IDENTIFIER = io.github.wellingtoncosta.TodoAppUITests;
				PRODUCT_NAME = "$(TARGET_NAME)";
				SWIFT_VERSION = 5.0;
				TARGETED_DEVICE_FAMILY = "1,2";
				TEST_TARGET_NAME = TodoApp;
			};
			name = Debug;
		};
		BED4C86A241A5CA500083412 /* Release */ = {
			isa = XCBuildConfiguration;
			baseConfigurationReference = D9F26828D988F96FFE28E9E3 /* Pods-TodoApp-TodoAppUITests.release.xcconfig */;
			buildSettings = {
				ALWAYS_EMBED_SWIFT_STANDARD_LIBRARIES = YES;
				CODE_SIGN_STYLE = Automatic;
				INFOPLIST_FILE = TodoAppUITests/Info.plist;
				LD_RUNPATH_SEARCH_PATHS = (
					"$(inherited)",
					"@executable_path/Frameworks",
					"@loader_path/Frameworks",
				);
				PRODUCT_BUNDLE_IDENTIFIER = io.github.wellingtoncosta.TodoAppUITests;
				PRODUCT_NAME = "$(TARGET_NAME)";
				SWIFT_VERSION = 5.0;
				TARGETED_DEVICE_FAMILY = "1,2";
				TEST_TARGET_NAME = TodoApp;
			};
			name = Release;
		};
/* End XCBuildConfiguration section */

/* Begin XCConfigurationList section */
		BED4C833241A5CA200083412 /* Build configuration list for PBXProject "TodoApp" */ = {
			isa = XCConfigurationList;
			buildConfigurations = (
				BED4C860241A5CA500083412 /* Debug */,
				BED4C861241A5CA500083412 /* Release */,
			);
			defaultConfigurationIsVisible = 0;
			defaultConfigurationName = Release;
		};
		BED4C862241A5CA500083412 /* Build configuration list for PBXNativeTarget "TodoApp" */ = {
			isa = XCConfigurationList;
			buildConfigurations = (
				BED4C863241A5CA500083412 /* Debug */,
				BED4C864241A5CA500083412 /* Release */,
			);
			defaultConfigurationIsVisible = 0;
			defaultConfigurationName = Release;
		};
		BED4C865241A5CA500083412 /* Build configuration list for PBXNativeTarget "TodoAppTests" */ = {
			isa = XCConfigurationList;
			buildConfigurations = (
				BED4C866241A5CA500083412 /* Debug */,
				BED4C867241A5CA500083412 /* Release */,
			);
			defaultConfigurationIsVisible = 0;
			defaultConfigurationName = Release;
		};
		BED4C868241A5CA500083412 /* Build configuration list for PBXNativeTarget "TodoAppUITests" */ = {
			isa = XCConfigurationList;
			buildConfigurations = (
				BED4C869241A5CA500083412 /* Debug */,
				BED4C86A241A5CA500083412 /* Release */,
			);
			defaultConfigurationIsVisible = 0;
			defaultConfigurationName = Release;
		};
/* End XCConfigurationList section */

/* Begin XCVersionGroup section */
		BECDF16E241AA2B300D825E7 /* TodoApp.xcdatamodeld */ = {
			isa = XCVersionGroup;
			children = (
				BECDF16F241AA2B300D825E7 /* TodoApp.xcdatamodel */,
			);
			currentVersion = BECDF16F241AA2B300D825E7 /* TodoApp.xcdatamodel */;
			path = TodoApp.xcdatamodeld;
			sourceTree = "<group>";
			versionGroupType = wrapper.xcdatamodel;
		};
/* End XCVersionGroup section */
	};
	rootObject = BED4C830241A5CA200083412 /* Project object */;
}
